// !$*UTF8*$!
{
	archiveVersion = 1;
	classes = {
	};
	objectVersion = 46;
	objects = {

/* Begin PBXBuildFile section */
		07C4CD991C321CE5007FF5D8 /* main.m in Sources */ = {isa = PBXBuildFile; fileRef = 07C4CD981C321CE5007FF5D8 /* main.m */; };
		07C4CD9C1C321CE5007FF5D8 /* AppDelegate.m in Sources */ = {isa = PBXBuildFile; fileRef = 07C4CD9B1C321CE5007FF5D8 /* AppDelegate.m */; };
		07C4CD9F1C321CE5007FF5D8 /* ViewController.m in Sources */ = {isa = PBXBuildFile; fileRef = 07C4CD9E1C321CE5007FF5D8 /* ViewController.m */; };
		07C4CDA21C321CE5007FF5D8 /* Main.storyboard in Resources */ = {isa = PBXBuildFile; fileRef = 07C4CDA01C321CE5007FF5D8 /* Main.storyboard */; };
		07C4CDA41C321CE5007FF5D8 /* Assets.xcassets in Resources */ = {isa = PBXBuildFile; fileRef = 07C4CDA31C321CE5007FF5D8 /* Assets.xcassets */; };
		07C4CDA71C321CE5007FF5D8 /* LaunchScreen.storyboard in Resources */ = {isa = PBXBuildFile; fileRef = 07C4CDA51C321CE5007FF5D8 /* LaunchScreen.storyboard */; };
		07C4CDB21C321CE5007FF5D8 /* WYCloudMusicTests.m in Sources */ = {isa = PBXBuildFile; fileRef = 07C4CDB11C321CE5007FF5D8 /* WYCloudMusicTests.m */; };
		07C4CDBD1C321CE5007FF5D8 /* WYCloudMusicUITests.m in Sources */ = {isa = PBXBuildFile; fileRef = 07C4CDBC1C321CE5007FF5D8 /* WYCloudMusicUITests.m */; };
/* End PBXBuildFile section */

/* Begin PBXContainerItemProxy section */
		07C4CDAE1C321CE5007FF5D8 /* PBXContainerItemProxy */ = {
			isa = PBXContainerItemProxy;
			containerPortal = 07C4CD8C1C321CE5007FF5D8 /* Project object */;
			proxyType = 1;
			remoteGlobalIDString = 07C4CD931C321CE5007FF5D8;
			remoteInfo = WYCloudMusic;
		};
		07C4CDB91C321CE5007FF5D8 /* PBXContainerItemProxy */ = {
			isa = PBXContainerItemProxy;
			containerPortal = 07C4CD8C1C321CE5007FF5D8 /* Project object */;
			proxyType = 1;
			remoteGlobalIDString = 07C4CD931C321CE5007FF5D8;
			remoteInfo = WYCloudMusic;
		};
/* End PBXContainerItemProxy section */

/* Begin PBXFileReference section */
		07C4CD941C321CE5007FF5D8 /* WYCloudMusic.app */ = {isa = PBXFileReference; explicitFileType = wrapper.application; includeInIndex = 0; path = WYCloudMusic.app; sourceTree = BUILT_PRODUCTS_DIR; };
		07C4CD981C321CE5007FF5D8 /* main.m */ = {isa = PBXFileReference; lastKnownFileType = sourcecode.c.objc; path = main.m; sourceTree = "<group>"; };
		07C4CD9A1C321CE5007FF5D8 /* AppDelegate.h */ = {isa = PBXFileReference; lastKnownFileType = sourcecode.c.h; path = AppDelegate.h; sourceTree = "<group>"; };
		07C4CD9B1C321CE5007FF5D8 /* AppDelegate.m */ = {isa = PBXFileReference; lastKnownFileType = sourcecode.c.objc; path = AppDelegate.m; sourceTree = "<group>"; };
		07C4CD9D1C321CE5007FF5D8 /* ViewController.h */ = {isa = PBXFileReference; lastKnownFileType = sourcecode.c.h; path = ViewController.h; sourceTree = "<group>"; };
		07C4CD9E1C321CE5007FF5D8 /* ViewController.m */ = {isa = PBXFileReference; lastKnownFileType = sourcecode.c.objc; path = ViewController.m; sourceTree = "<group>"; };
		07C4CDA11C321CE5007FF5D8 /* Base */ = {isa = PBXFileReference; lastKnownFileType = file.storyboard; name = Base; path = Base.lproj/Main.storyboard; sourceTree = "<group>"; };
		07C4CDA31C321CE5007FF5D8 /* Assets.xcassets */ = {isa = PBXFileReference; lastKnownFileType = folder.assetcatalog; path = Assets.xcassets; sourceTree = "<group>"; };
		07C4CDA61C321CE5007FF5D8 /* Base */ = {isa = PBXFileReference; lastKnownFileType = file.storyboard; name = Base; path = Base.lproj/LaunchScreen.storyboard; sourceTree = "<group>"; };
		07C4CDA81C321CE5007FF5D8 /* Info.plist */ = {isa = PBXFileReference; lastKnownFileType = text.plist.xml; path = Info.plist; sourceTree = "<group>"; };
		07C4CDAD1C321CE5007FF5D8 /* WYCloudMusicTests.xctest */ = {isa = PBXFileReference; explicitFileType = wrapper.cfbundle; includeInIndex = 0; path = WYCloudMusicTests.xctest; sourceTree = BUILT_PRODUCTS_DIR; };
		07C4CDB11C321CE5007FF5D8 /* WYCloudMusicTests.m */ = {isa = PBXFileReference; lastKnownFileType = sourcecode.c.objc; path = WYCloudMusicTests.m; sourceTree = "<group>"; };
		07C4CDB31C321CE5007FF5D8 /* Info.plist */ = {isa = PBXFileReference; lastKnownFileType = text.plist.xml; path = Info.plist; sourceTree = "<group>"; };
		07C4CDB81C321CE5007FF5D8 /* WYCloudMusicUITests.xctest */ = {isa = PBXFileReference; explicitFileType = wrapper.cfbundle; includeInIndex = 0; path = WYCloudMusicUITests.xctest; sourceTree = BUILT_PRODUCTS_DIR; };
		07C4CDBC1C321CE5007FF5D8 /* WYCloudMusicUITests.m */ = {isa = PBXFileReference; lastKnownFileType = sourcecode.c.objc; path = WYCloudMusicUITests.m; sourceTree = "<group>"; };
		07C4CDBE1C321CE5007FF5D8 /* Info.plist */ = {isa = PBXFileReference; lastKnownFileType = text.plist.xml; path = Info.plist; sourceTree = "<group>"; };
/* End PBXFileReference section */

/* Begin PBXFrameworksBuildPhase section */
		07C4CD911C321CE5007FF5D8 /* Frameworks */ = {
			isa = PBXFrameworksBuildPhase;
			buildActionMask = 2147483647;
			files = (
			);
			runOnlyForDeploymentPostprocessing = 0;
		};
		07C4CDAA1C321CE5007FF5D8 /* Frameworks */ = {
			isa = PBXFrameworksBuildPhase;
			buildActionMask = 2147483647;
			files = (
			);
			runOnlyForDeploymentPostprocessing = 0;
		};
		07C4CDB51C321CE5007FF5D8 /* Frameworks */ = {
			isa = PBXFrameworksBuildPhase;
			buildActionMask = 2147483647;
			files = (
			);
			runOnlyForDeploymentPostprocessing = 0;
		};
/* End PBXFrameworksBuildPhase section */

/* Begin PBXGroup section */
		07C4CD8B1C321CE5007FF5D8 = {
			isa = PBXGroup;
			children = (
				07C4CD961C321CE5007FF5D8 /* WYCloudMusic */,
				07C4CDB01C321CE5007FF5D8 /* WYCloudMusicTests */,
				07C4CDBB1C321CE5007FF5D8 /* WYCloudMusicUITests */,
				07C4CD951C321CE5007FF5D8 /* Products */,
			);
			sourceTree = "<group>";
		};
		07C4CD951C321CE5007FF5D8 /* Products */ = {
			isa = PBXGroup;
			children = (
				07C4CD941C321CE5007FF5D8 /* WYCloudMusic.app */,
				07C4CDAD1C321CE5007FF5D8 /* WYCloudMusicTests.xctest */,
				07C4CDB81C321CE5007FF5D8 /* WYCloudMusicUITests.xctest */,
			);
			name = Products;
			sourceTree = "<group>";
		};
		07C4CD961C321CE5007FF5D8 /* WYCloudMusic */ = {
			isa = PBXGroup;
			children = (
				07C4CD9A1C321CE5007FF5D8 /* AppDelegate.h */,
				07C4CD9B1C321CE5007FF5D8 /* AppDelegate.m */,
				07C4CD9D1C321CE5007FF5D8 /* ViewController.h */,
				07C4CD9E1C321CE5007FF5D8 /* ViewController.m */,
				07C4CDA01C321CE5007FF5D8 /* Main.storyboard */,
				07C4CDA31C321CE5007FF5D8 /* Assets.xcassets */,
				07C4CDA51C321CE5007FF5D8 /* LaunchScreen.storyboard */,
				07C4CDA81C321CE5007FF5D8 /* Info.plist */,
				07C4CD971C321CE5007FF5D8 /* Supporting Files */,
			);
			path = WYCloudMusic;
			sourceTree = "<group>";
		};
		07C4CD971C321CE5007FF5D8 /* Supporting Files */ = {
			isa = PBXGroup;
			children = (
				07C4CD981C321CE5007FF5D8 /* main.m */,
			);
			name = "Supporting Files";
			sourceTree = "<group>";
		};
		07C4CDB01C321CE5007FF5D8 /* WYCloudMusicTests */ = {
			isa = PBXGroup;
			children = (
				07C4CDB11C321CE5007FF5D8 /* WYCloudMusicTests.m */,
				07C4CDB31C321CE5007FF5D8 /* Info.plist */,
			);
			path = WYCloudMusicTests;
			sourceTree = "<group>";
		};
		07C4CDBB1C321CE5007FF5D8 /* WYCloudMusicUITests */ = {
			isa = PBXGroup;
			children = (
				07C4CDBC1C321CE5007FF5D8 /* WYCloudMusicUITests.m */,
				07C4CDBE1C321CE5007FF5D8 /* Info.plist */,
			);
			path = WYCloudMusicUITests;
			sourceTree = "<group>";
		};
/* End PBXGroup section */

/* Begin PBXNativeTarget section */
		07C4CD931C321CE5007FF5D8 /* WYCloudMusic */ = {
			isa = PBXNativeTarget;
			buildConfigurationList = 07C4CDC11C321CE5007FF5D8 /* Build configuration list for PBXNativeTarget "WYCloudMusic" */;
			buildPhases = (
				07C4CD901C321CE5007FF5D8 /* Sources */,
				07C4CD911C321CE5007FF5D8 /* Frameworks */,
				07C4CD921C321CE5007FF5D8 /* Resources */,
			);
			buildRules = (
			);
			dependencies = (
			);
			name = WYCloudMusic;
			productName = WYCloudMusic;
			productReference = 07C4CD941C321CE5007FF5D8 /* WYCloudMusic.app */;
			productType = "com.apple.product-type.application";
		};
		07C4CDAC1C321CE5007FF5D8 /* WYCloudMusicTests */ = {
			isa = PBXNativeTarget;
			buildConfigurationList = 07C4CDC41C321CE5007FF5D8 /* Build configuration list for PBXNativeTarget "WYCloudMusicTests" */;
			buildPhases = (
				07C4CDA91C321CE5007FF5D8 /* Sources */,
				07C4CDAA1C321CE5007FF5D8 /* Frameworks */,
				07C4CDAB1C321CE5007FF5D8 /* Resources */,
			);
			buildRules = (
			);
			dependencies = (
				07C4CDAF1C321CE5007FF5D8 /* PBXTargetDependency */,
			);
			name = WYCloudMusicTests;
			productName = WYCloudMusicTests;
			productReference = 07C4CDAD1C321CE5007FF5D8 /* WYCloudMusicTests.xctest */;
			productType = "com.apple.product-type.bundle.unit-test";
		};
		07C4CDB71C321CE5007FF5D8 /* WYCloudMusicUITests */ = {
			isa = PBXNativeTarget;
			buildConfigurationList = 07C4CDC71C321CE5007FF5D8 /* Build configuration list for PBXNativeTarget "WYCloudMusicUITests" */;
			buildPhases = (
				07C4CDB41C321CE5007FF5D8 /* Sources */,
				07C4CDB51C321CE5007FF5D8 /* Frameworks */,
				07C4CDB61C321CE5007FF5D8 /* Resources */,
			);
			buildRules = (
			);
			dependencies = (
				07C4CDBA1C321CE5007FF5D8 /* PBXTargetDependency */,
			);
			name = WYCloudMusicUITests;
			productName = WYCloudMusicUITests;
			productReference = 07C4CDB81C321CE5007FF5D8 /* WYCloudMusicUITests.xctest */;
			productType = "com.apple.product-type.bundle.ui-testing";
		};
/* End PBXNativeTarget section */

/* Begin PBXProject section */
		07C4CD8C1C321CE5007FF5D8 /* Project object */ = {
			isa = PBXProject;
			attributes = {
				LastUpgradeCheck = 0710;
				ORGANIZATIONNAME = zpy;
				TargetAttributes = {
					07C4CD931C321CE5007FF5D8 = {
						CreatedOnToolsVersion = 7.1;
					};
					07C4CDAC1C321CE5007FF5D8 = {
						CreatedOnToolsVersion = 7.1;
						TestTargetID = 07C4CD931C321CE5007FF5D8;
					};
					07C4CDB71C321CE5007FF5D8 = {
						CreatedOnToolsVersion = 7.1;
						TestTargetID = 07C4CD931C321CE5007FF5D8;
					};
				};
			};
			buildConfigurationList = 07C4CD8F1C321CE5007FF5D8 /* Build configuration list for PBXProject "WYCloudMusic" */;
			compatibilityVersion = "Xcode 3.2";
			developmentRegion = English;
			hasScannedForEncodings = 0;
			knownRegions = (
				en,
				Base,
			);
			mainGroup = 07C4CD8B1C321CE5007FF5D8;
			productRefGroup = 07C4CD951C321CE5007FF5D8 /* Products */;
			projectDirPath = "";
			projectRoot = "";
			targets = (
				07C4CD931C321CE5007FF5D8 /* WYCloudMusic */,
				07C4CDAC1C321CE5007FF5D8 /* WYCloudMusicTests */,
				07C4CDB71C321CE5007FF5D8 /* WYCloudMusicUITests */,
			);
		};
/* End PBXProject section */

/* Begin PBXResourcesBuildPhase section */
		07C4CD921C321CE5007FF5D8 /* Resources */ = {
			isa = PBXResourcesBuildPhase;
			buildActionMask = 2147483647;
			files = (
				07C4CDA71C321CE5007FF5D8 /* LaunchScreen.storyboard in Resources */,
				07C4CDA41C321CE5007FF5D8 /* Assets.xcassets in Resources */,
				07C4CDA21C321CE5007FF5D8 /* Main.storyboard in Resources */,
			);
			runOnlyForDeploymentPostprocessing = 0;
		};
		07C4CDAB1C321CE5007FF5D8 /* Resources */ = {
			isa = PBXResourcesBuildPhase;
			buildActionMask = 2147483647;
			files = (
			);
			runOnlyForDeploymentPostprocessing = 0;
		};
		07C4CDB61C321CE5007FF5D8 /* Resources */ = {
			isa = PBXResourcesBuildPhase;
			buildActionMask = 2147483647;
			files = (
			);
			runOnlyForDeploymentPostprocessing = 0;
		};
/* End PBXResourcesBuildPhase section */

/* Begin PBXSourcesBuildPhase section */
		07C4CD901C321CE5007FF5D8 /* Sources */ = {
			isa = PBXSourcesBuildPhase;
			buildActionMask = 2147483647;
			files = (
				07C4CD9F1C321CE5007FF5D8 /* ViewController.m in Sources */,
				07C4CD9C1C321CE5007FF5D8 /* AppDelegate.m in Sources */,
				07C4CD991C321CE5007FF5D8 /* main.m in Sources */,
			);
			runOnlyForDeploymentPostprocessing = 0;
		};
		07C4CDA91C321CE5007FF5D8 /* Sources */ = {
			isa = PBXSourcesBuildPhase;
			buildActionMask = 2147483647;
			files = (
				07C4CDB21C321CE5007FF5D8 /* WYCloudMusicTests.m in Sources */,
			);
			runOnlyForDeploymentPostprocessing = 0;
		};
		07C4CDB41C321CE5007FF5D8 /* Sources */ = {
			isa = PBXSourcesBuildPhase;
			buildActionMask = 2147483647;
			files = (
				07C4CDBD1C321CE5007FF5D8 /* WYCloudMusicUITests.m in Sources */,
			);
			runOnlyForDeploymentPostprocessing = 0;
		};
/* End PBXSourcesBuildPhase section */

/* Begin PBXTargetDependency section */
		07C4CDAF1C321CE5007FF5D8 /* PBXTargetDependency */ = {
			isa = PBXTargetDependency;
			target = 07C4CD931C321CE5007FF5D8 /* WYCloudMusic */;
			targetProxy = 07C4CDAE1C321CE5007FF5D8 /* PBXContainerItemProxy */;
		};
		07C4CDBA1C321CE5007FF5D8 /* PBXTargetDependency */ = {
			isa = PBXTargetDependency;
			target = 07C4CD931C321CE5007FF5D8 /* WYCloudMusic */;
			targetProxy = 07C4CDB91C321CE5007FF5D8 /* PBXContainerItemProxy */;
		};
/* End PBXTargetDependency section */

/* Begin PBXVariantGroup section */
		07C4CDA01C321CE5007FF5D8 /* Main.storyboard */ = {
			isa = PBXVariantGroup;
			children = (
				07C4CDA11C321CE5007FF5D8 /* Base */,
			);
			name = Main.storyboard;
			sourceTree = "<group>";
		};
		07C4CDA51C321CE5007FF5D8 /* LaunchScreen.storyboard */ = {
			isa = PBXVariantGroup;
			children = (
				07C4CDA61C321CE5007FF5D8 /* Base */,
			);
			name = LaunchScreen.storyboard;
			sourceTree = "<group>";
		};
/* End PBXVariantGroup section */

/* Begin XCBuildConfiguration section */
		07C4CDBF1C321CE5007FF5D8 /* Debug */ = {
			isa = XCBuildConfiguration;
			buildSettings = {
				ALWAYS_SEARCH_USER_PATHS = NO;
				CLANG_CXX_LANGUAGE_STANDARD = "gnu++0x";
				CLANG_CXX_LIBRARY = "libc++";
				CLANG_ENABLE_MODULES = YES;
				CLANG_ENABLE_OBJC_ARC = YES;
				CLANG_WARN_BOOL_CONVERSION = YES;
				CLANG_WARN_CONSTANT_CONVERSION = YES;
				CLANG_WARN_DIRECT_OBJC_ISA_USAGE = YES_ERROR;
				CLANG_WARN_EMPTY_BODY = YES;
				CLANG_WARN_ENUM_CONVERSION = YES;
				CLANG_WARN_INT_CONVERSION = YES;
				CLANG_WARN_OBJC_ROOT_CLASS = YES_ERROR;
				CLANG_WARN_UNREACHABLE_CODE = YES;
				CLANG_WARN__DUPLICATE_METHOD_MATCH = YES;
				"CODE_SIGN_IDENTITY[sdk=iphoneos*]" = "iPhone Developer";
				COPY_PHASE_STRIP = NO;
				DEBUG_INFORMATION_FORMAT = dwarf;
				ENABLE_STRICT_OBJC_MSGSEND = YES;
				ENABLE_TESTABILITY = YES;
				GCC_C_LANGUAGE_STANDARD = gnu99;
				GCC_DYNAMIC_NO_PIC = NO;
				GCC_NO_COMMON_BLOCKS = YES;
				GCC_OPTIMIZATION_LEVEL = 0;
				GCC_PREPROCESSOR_DEFINITIONS = (
					"DEBUG=1",
					"$(inherited)",
				);
				GCC_WARN_64_TO_32_BIT_CONVERSION = YES;
				GCC_WARN_ABOUT_RETURN_TYPE = YES_ERROR;
				GCC_WARN_UNDECLARED_SELECTOR = YES;
				GCC_WARN_UNINITIALIZED_AUTOS = YES_AGGRESSIVE;
				GCC_WARN_UNUSED_FUNCTION = YES;
				GCC_WARN_UNUSED_VARIABLE = YES;
				IPHONEOS_DEPLOYMENT_TARGET = 9.1;
				MTL_ENABLE_DEBUG_INFO = YES;
				ONLY_ACTIVE_ARCH = YES;
				SDKROOT = iphoneos;
			};
			name = Debug;
		};
		07C4CDC01C321CE5007FF5D8 /* Release */ = {
			isa = XCBuildConfiguration;
			buildSettings = {
				ALWAYS_SEARCH_USER_PATHS = NO;
				CLANG_CXX_LANGUAGE_STANDARD = "gnu++0x";
				CLANG_CXX_LIBRARY = "libc++";
				CLANG_ENABLE_MODULES = YES;
				CLANG_ENABLE_OBJC_ARC = YES;
				CLANG_WARN_BOOL_CONVERSION = YES;
				CLANG_WARN_CONSTANT_CONVERSION = YES;
				CLANG_WARN_DIRECT_OBJC_ISA_USAGE = YES_ERROR;
				CLANG_WARN_EMPTY_BODY = YES;
				CLANG_WARN_ENUM_CONVERSION = YES;
				CLANG_WARN_INT_CONVERSION = YES;
				CLANG_WARN_OBJC_ROOT_CLASS = YES_ERROR;
				CLANG_WARN_UNREACHABLE_CODE = YES;
				CLANG_WARN__DUPLICATE_METHOD_MATCH = YES;
				"CODE_SIGN_IDENTITY[sdk=iphoneos*]" = "iPhone Developer";
				COPY_PHASE_STRIP = NO;
				DEBUG_INFORMATION_FORMAT = "dwarf-with-dsym";
				ENABLE_NS_ASSERTIONS = NO;
				ENABLE_STRICT_OBJC_MSGSEND = YES;
				GCC_C_LANGUAGE_STANDARD = gnu99;
				GCC_NO_COMMON_BLOCKS = YES;
				GCC_WARN_64_TO_32_BIT_CONVERSION = YES;
				GCC_WARN_ABOUT_RETURN_TYPE = YES_ERROR;
				GCC_WARN_UNDECLARED_SELECTOR = YES;
				GCC_WARN_UNINITIALIZED_AUTOS = YES_AGGRESSIVE;
				GCC_WARN_UNUSED_FUNCTION = YES;
				GCC_WARN_UNUSED_VARIABLE = YES;
				IPHONEOS_DEPLOYMENT_TARGET = 9.1;
				MTL_ENABLE_DEBUG_INFO = NO;
				SDKROOT = iphoneos;
				VALIDATE_PRODUCT = YES;
			};
			name = Release;
		};
		07C4CDC21C321CE5007FF5D8 /* Debug */ = {
			isa = XCBuildConfiguration;
			buildSettings = {
				ASSETCATALOG_COMPILER_APPICON_NAME = AppIcon;
				INFOPLIST_FILE = WYCloudMusic/Info.plist;
				LD_RUNPATH_SEARCH_PATHS = "$(inherited) @executable_path/Frameworks";
				PRODUCT_BUNDLE_IDENTIFIER = com.berchina.WYCloudMusic;
				PRODUCT_NAME = "$(TARGET_NAME)";
			};
			name = Debug;
		};
		07C4CDC31C321CE5007FF5D8 /* Release */ = {
			isa = XCBuildConfiguration;
			buildSettings = {
				ASSETCATALOG_COMPILER_APPICON_NAME = AppIcon;
				INFOPLIST_FILE = WYCloudMusic/Info.plist;
				LD_RUNPATH_SEARCH_PATHS = "$(inherited) @executable_path/Frameworks";
				PRODUCT_BUNDLE_IDENTIFIER = com.berchina.WYCloudMusic;
				PRODUCT_NAME = "$(TARGET_NAME)";
			};
			name = Release;
		};
		07C4CDC51C321CE5007FF5D8 /* Debug */ = {
			isa = XCBuildConfiguration;
			buildSettings = {
				BUNDLE_LOADER = "$(TEST_HOST)";
				INFOPLIST_FILE = WYCloudMusicTests/Info.plist;
				LD_RUNPATH_SEARCH_PATHS = "$(inherited) @executable_path/Frameworks @loader_path/Frameworks";
				PRODUCT_BUNDLE_IDENTIFIER = com.berchina.WYCloudMusicTests;
				PRODUCT_NAME = "$(TARGET_NAME)";
				TEST_HOST = "$(BUILT_PRODUCTS_DIR)/WYCloudMusic.app/WYCloudMusic";
			};
			name = Debug;
		};
		07C4CDC61C321CE5007FF5D8 /* Release */ = {
			isa = XCBuildConfiguration;
			buildSettings = {
				BUNDLE_LOADER = "$(TEST_HOST)";
				INFOPLIST_FILE = WYCloudMusicTests/Info.plist;
				LD_RUNPATH_SEARCH_PATHS = "$(inherited) @executable_path/Frameworks @loader_path/Frameworks";
				PRODUCT_BUNDLE_IDENTIFIER = com.berchina.WYCloudMusicTests;
				PRODUCT_NAME = "$(TARGET_NAME)";
				TEST_HOST = "$(BUILT_PRODUCTS_DIR)/WYCloudMusic.app/WYCloudMusic";
			};
			name = Release;
		};
		07C4CDC81C321CE5007FF5D8 /* Debug */ = {
			isa = XCBuildConfiguration;
			buildSettings = {
				INFOPLIST_FILE = WYCloudMusicUITests/Info.plist;
				LD_RUNPATH_SEARCH_PATHS = "$(inherited) @executable_path/Frameworks @loader_path/Frameworks";
				PRODUCT_BUNDLE_IDENTIFIER = com.berchina.WYCloudMusicUITests;
				PRODUCT_NAME = "$(TARGET_NAME)";
				TEST_TARGET_NAME = WYCloudMusic;
				USES_XCTRUNNER = YES;
			};
			name = Debug;
		};
		07C4CDC91C321CE5007FF5D8 /* Release */ = {
			isa = XCBuildConfiguration;
			buildSettings = {
				INFOPLIST_FILE = WYCloudMusicUITests/Info.plist;
				LD_RUNPATH_SEARCH_PATHS = "$(inherited) @executable_path/Frameworks @loader_path/Frameworks";
				PRODUCT_BUNDLE_IDENTIFIER = com.berchina.WYCloudMusicUITests;
				PRODUCT_NAME = "$(TARGET_NAME)";
				TEST_TARGET_NAME = WYCloudMusic;
				USES_XCTRUNNER = YES;
			};
			name = Release;
		};
/* End XCBuildConfiguration section */

/* Begin XCConfigurationList section */
		07C4CD8F1C321CE5007FF5D8 /* Build configuration list for PBXProject "WYCloudMusic" */ = {
			isa = XCConfigurationList;
			buildConfigurations = (
				07C4CDBF1C321CE5007FF5D8 /* Debug */,
				07C4CDC01C321CE5007FF5D8 /* Release */,
			);
			defaultConfigurationIsVisible = 0;
			defaultConfigurationName = Release;
		};
		07C4CDC11C321CE5007FF5D8 /* Build configuration list for PBXNativeTarget "WYCloudMusic" */ = {
			isa = XCConfigurationList;
			buildConfigurations = (
				07C4CDC21C321CE5007FF5D8 /* Debug */,
				07C4CDC31C321CE5007FF5D8 /* Release */,
			);
			defaultConfigurationIsVisible = 0;
		};
		07C4CDC41C321CE5007FF5D8 /* Build configuration list for PBXNativeTarget "WYCloudMusicTests" */ = {
			isa = XCConfigurationList;
			buildConfigurations = (
				07C4CDC51C321CE5007FF5D8 /* Debug */,
				07C4CDC61C321CE5007FF5D8 /* Release */,
			);
			defaultConfigurationIsVisible = 0;
		};
		07C4CDC71C321CE5007FF5D8 /* Build configuration list for PBXNativeTarget "WYCloudMusicUITests" */ = {
			isa = XCConfigurationList;
			buildConfigurations = (
				07C4CDC81C321CE5007FF5D8 /* Debug */,
				07C4CDC91C321CE5007FF5D8 /* Release */,
			);
			defaultConfigurationIsVisible = 0;
		};
/* End XCConfigurationList section */
	};
	rootObject = 07C4CD8C1C321CE5007FF5D8 /* Project object */;
}
